// !$*UTF8*$!
{
	archiveVersion = 1;
	classes = {
	};
	objectVersion = 55;
	objects = {

/* Begin PBXBuildFile section */
		5A02710D28A91B8C0063F007 /* FjallaOne-Regular.otf in Resources */ = {isa = PBXBuildFile; fileRef = 5A02710C28A91B8C0063F007 /* FjallaOne-Regular.otf */; };
		5A02711028A927B20063F007 /* CourseCardViewComponent.swift in Sources */ = {isa = PBXBuildFile; fileRef = 5A02710F28A927B20063F007 /* CourseCardViewComponent.swift */; };
		5A02711228A932420063F007 /* Course.swift in Sources */ = {isa = PBXBuildFile; fileRef = 5A02711128A932420063F007 /* Course.swift */; };
		5A02711428A939580063F007 /* HomeViewModel.swift in Sources */ = {isa = PBXBuildFile; fileRef = 5A02711328A939580063F007 /* HomeViewModel.swift */; };
		5A02711628A93A0A0063F007 /* Preview.swift in Sources */ = {isa = PBXBuildFile; fileRef = 5A02711528A93A0A0063F007 /* Preview.swift */; };
		5A02711928A93EA60063F007 /* NukeUI in Frameworks */ = {isa = PBXBuildFile; productRef = 5A02711828A93EA60063F007 /* NukeUI */; };
		5A05A6C528C6869D0045DDF3 /* CalendarView.swift in Sources */ = {isa = PBXBuildFile; fileRef = 5A05A6C428C6869D0045DDF3 /* CalendarView.swift */; };
		5A05A6C728C689ED0045DDF3 /* SaveCourseViewModel.swift in Sources */ = {isa = PBXBuildFile; fileRef = 5A05A6C628C689ED0045DDF3 /* SaveCourseViewModel.swift */; };
		5A05A6C928C68EE40045DDF3 /* CustomDatePickerView.swift in Sources */ = {isa = PBXBuildFile; fileRef = 5A05A6C828C68EE40045DDF3 /* CustomDatePickerView.swift */; };
		5A05A6CB28C6955C0045DDF3 /* DateValue.swift in Sources */ = {isa = PBXBuildFile; fileRef = 5A05A6CA28C6955C0045DDF3 /* DateValue.swift */; };
		5A09018128A4663B00C971B7 /* PhotoPicker.swift in Sources */ = {isa = PBXBuildFile; fileRef = 5A09018028A4663B00C971B7 /* PhotoPicker.swift */; };
		5A09018428A46CD900C971B7 /* Helpers.swift in Sources */ = {isa = PBXBuildFile; fileRef = 5A09018328A46CD900C971B7 /* Helpers.swift */; };
		5A09018628A4737D00C971B7 /* UserManagerViewModel.swift in Sources */ = {isa = PBXBuildFile; fileRef = 5A09018528A4737D00C971B7 /* UserManagerViewModel.swift */; };
		5A1E873828849DBE009CB2FC /* Happy_Me_MeditationApp.swift in Sources */ = {isa = PBXBuildFile; fileRef = 5A1E873728849DBE009CB2FC /* Happy_Me_MeditationApp.swift */; };
		5A1E873A28849DBE009CB2FC /* StartView.swift in Sources */ = {isa = PBXBuildFile; fileRef = 5A1E873928849DBE009CB2FC /* StartView.swift */; };
		5A1E873C28849DBF009CB2FC /* Assets.xcassets in Resources */ = {isa = PBXBuildFile; fileRef = 5A1E873B28849DBF009CB2FC /* Assets.xcassets */; };
		5A1E873F28849DBF009CB2FC /* Preview Assets.xcassets in Resources */ = {isa = PBXBuildFile; fileRef = 5A1E873E28849DBF009CB2FC /* Preview Assets.xcassets */; };
		5A1E874728849FE9009CB2FC /* FirebaseAuth in Frameworks */ = {isa = PBXBuildFile; productRef = 5A1E874628849FE9009CB2FC /* FirebaseAuth */; };
		5A1E874928849FE9009CB2FC /* FirebaseFirestore in Frameworks */ = {isa = PBXBuildFile; productRef = 5A1E874828849FE9009CB2FC /* FirebaseFirestore */; };
		5A1E874B28849FE9009CB2FC /* FirebaseFirestoreSwift in Frameworks */ = {isa = PBXBuildFile; productRef = 5A1E874A28849FE9009CB2FC /* FirebaseFirestoreSwift */; };
		5A1E874D28849FE9009CB2FC /* FirebaseStorage in Frameworks */ = {isa = PBXBuildFile; productRef = 5A1E874C28849FE9009CB2FC /* FirebaseStorage */; };
		5A1E874F2884A076009CB2FC /* GoogleService-Info.plist in Resources */ = {isa = PBXBuildFile; fileRef = 5A1E874E2884A076009CB2FC /* GoogleService-Info.plist */; };
		5A1E87572884A125009CB2FC /* FirebaseService.swift in Sources */ = {isa = PBXBuildFile; fileRef = 5A1E87562884A125009CB2FC /* FirebaseService.swift */; };
		5A1E875D2884A29D009CB2FC /* View.swift in Sources */ = {isa = PBXBuildFile; fileRef = 5A1E875C2884A29D009CB2FC /* View.swift */; };
		5A1E875F2884A2DD009CB2FC /* User.swift in Sources */ = {isa = PBXBuildFile; fileRef = 5A1E875E2884A2DD009CB2FC /* User.swift */; };
		5A1E87612884A36C009CB2FC /* ProgressLoader.swift in Sources */ = {isa = PBXBuildFile; fileRef = 5A1E87602884A36C009CB2FC /* ProgressLoader.swift */; };
		5A1E87632884A395009CB2FC /* UserAvatarViewComponent.swift in Sources */ = {isa = PBXBuildFile; fileRef = 5A1E87622884A395009CB2FC /* UserAvatarViewComponent.swift */; };
		5A1E87652884A3D8009CB2FC /* CustomLazyImage.swift in Sources */ = {isa = PBXBuildFile; fileRef = 5A1E87642884A3D8009CB2FC /* CustomLazyImage.swift */; };
		5A1E876A2884A45B009CB2FC /* Image.swift in Sources */ = {isa = PBXBuildFile; fileRef = 5A1E87692884A45A009CB2FC /* Image.swift */; };
		5A1E876C2884A4DC009CB2FC /* LoginViewModel.swift in Sources */ = {isa = PBXBuildFile; fileRef = 5A1E876B2884A4DC009CB2FC /* LoginViewModel.swift */; };
		5A1E876F2884C37C009CB2FC /* LoginView.swift in Sources */ = {isa = PBXBuildFile; fileRef = 5A1E876E2884C37C009CB2FC /* LoginView.swift */; };
		5A1E87712884C831009CB2FC /* UserDataService.swift in Sources */ = {isa = PBXBuildFile; fileRef = 5A1E87702884C831009CB2FC /* UserDataService.swift */; };
		5A1E87752884CB24009CB2FC /* Urbanist-Medium.ttf in Resources */ = {isa = PBXBuildFile; fileRef = 5A1E87722884CB24009CB2FC /* Urbanist-Medium.ttf */; };
		5A1E87762884CB24009CB2FC /* Fonts.swift in Sources */ = {isa = PBXBuildFile; fileRef = 5A1E87732884CB24009CB2FC /* Fonts.swift */; };
		5A1E87772884CB24009CB2FC /* Urbanist-Regular.ttf in Resources */ = {isa = PBXBuildFile; fileRef = 5A1E87742884CB24009CB2FC /* Urbanist-Regular.ttf */; };
		5A1E877C2884CD58009CB2FC /* OnboardingView.swift in Sources */ = {isa = PBXBuildFile; fileRef = 5A1E877B2884CD58009CB2FC /* OnboardingView.swift */; };
		5A1E877E2884CDE6009CB2FC /* Color.swift in Sources */ = {isa = PBXBuildFile; fileRef = 5A1E877D2884CDE6009CB2FC /* Color.swift */; };
		5A1E87812884CF77009CB2FC /* CustomButton.swift in Sources */ = {isa = PBXBuildFile; fileRef = 5A1E87802884CF77009CB2FC /* CustomButton.swift */; };
		5A1E87832884D685009CB2FC /* OnboardConstants.swift in Sources */ = {isa = PBXBuildFile; fileRef = 5A1E87822884D685009CB2FC /* OnboardConstants.swift */; };
		5A1E87852884E051009CB2FC /* RootOnboardingView.swift in Sources */ = {isa = PBXBuildFile; fileRef = 5A1E87842884E051009CB2FC /* RootOnboardingView.swift */; };
		5A1E87882884E260009CB2FC /* MainView.swift in Sources */ = {isa = PBXBuildFile; fileRef = 5A1E87872884E260009CB2FC /* MainView.swift */; };
		5A1E878B2884E4E9009CB2FC /* CustomTextField.swift in Sources */ = {isa = PBXBuildFile; fileRef = 5A1E878A2884E4E9009CB2FC /* CustomTextField.swift */; };
		5A1E878D288599F9009CB2FC /* UIApplication.swift in Sources */ = {isa = PBXBuildFile; fileRef = 5A1E878C288599F8009CB2FC /* UIApplication.swift */; };
		5A395D0728C9156C00DA2B25 /* ConfettiView.swift in Sources */ = {isa = PBXBuildFile; fileRef = 5A395D0628C9156C00DA2B25 /* ConfettiView.swift */; };
		5A395D0928C91D6B00DA2B25 /* TwigCarouselView.swift in Sources */ = {isa = PBXBuildFile; fileRef = 5A395D0828C91D6B00DA2B25 /* TwigCarouselView.swift */; };
		5A395D0B28C933BF00DA2B25 /* LaunchView.swift in Sources */ = {isa = PBXBuildFile; fileRef = 5A395D0A28C933BF00DA2B25 /* LaunchView.swift */; };
		5A804FAA28B259F400E44681 /* PlaybackControlButton.swift in Sources */ = {isa = PBXBuildFile; fileRef = 5A804FA928B259F400E44681 /* PlaybackControlButton.swift */; };
		5A804FAC28B2763F00E44681 /* Date.swift in Sources */ = {isa = PBXBuildFile; fileRef = 5A804FAB28B2763F00E44681 /* Date.swift */; };
		5A88D0F128B6D5A200356064 /* FBConstants.swift in Sources */ = {isa = PBXBuildFile; fileRef = 5A88D0F028B6D5A200356064 /* FBConstants.swift */; };
		5AA2786628B13F9D00BDAACD /* Session.swift in Sources */ = {isa = PBXBuildFile; fileRef = 5AA2786528B13F9D00BDAACD /* Session.swift */; };
		5AA2786828B141FA00BDAACD /* SessionRowViewComponent.swift in Sources */ = {isa = PBXBuildFile; fileRef = 5AA2786728B141FA00BDAACD /* SessionRowViewComponent.swift */; };
		5AA2786B28B1462A00BDAACD /* AudioManager.swift in Sources */ = {isa = PBXBuildFile; fileRef = 5AA2786A28B1462A00BDAACD /* AudioManager.swift */; };
		5AA2786E28B1482300BDAACD /* PlayerView.swift in Sources */ = {isa = PBXBuildFile; fileRef = 5AA2786D28B1482300BDAACD /* PlayerView.swift */; };
		5AB2C91328BB8E690066E5EA /* CustomNavigationBar.swift in Sources */ = {isa = PBXBuildFile; fileRef = 5AB2C91228BB8E690066E5EA /* CustomNavigationBar.swift */; };
		5AB2C91628BB8F560066E5EA /* CourseDetailsView.swift in Sources */ = {isa = PBXBuildFile; fileRef = 5AB2C91528BB8F560066E5EA /* CourseDetailsView.swift */; };
		5AB2C91828BB8F910066E5EA /* MainBgView.swift in Sources */ = {isa = PBXBuildFile; fileRef = 5AB2C91728BB8F900066E5EA /* MainBgView.swift */; };
		5AB2C91A28BBCA7B0066E5EA /* RessentCourseRowView.swift in Sources */ = {isa = PBXBuildFile; fileRef = 5AB2C91928BBCA7B0066E5EA /* RessentCourseRowView.swift */; };
		5AB2C91D28BBE0690066E5EA /* FavouriteView.swift in Sources */ = {isa = PBXBuildFile; fileRef = 5AB2C91C28BBE0690066E5EA /* FavouriteView.swift */; };
		5AB2C91F28BBE7190066E5EA /* FavouriteViewModel.swift in Sources */ = {isa = PBXBuildFile; fileRef = 5AB2C91E28BBE7190066E5EA /* FavouriteViewModel.swift */; };
		5AB2C92228BBED780066E5EA /* SavedCourseView.swift in Sources */ = {isa = PBXBuildFile; fileRef = 5AB2C92128BBED780066E5EA /* SavedCourseView.swift */; };
		5AD62C2B28A8532D0076FF1A /* MainViewModel.swift in Sources */ = {isa = PBXBuildFile; fileRef = 5AD62C2A28A8532D0076FF1A /* MainViewModel.swift */; };
		5AD62C2E28A85DD70076FF1A /* HomeView.swift in Sources */ = {isa = PBXBuildFile; fileRef = 5AD62C2D28A85DD70076FF1A /* HomeView.swift */; };
/* End PBXBuildFile section */

/* Begin PBXFileReference section */
		5A02710C28A91B8C0063F007 /* FjallaOne-Regular.otf */ = {isa = PBXFileReference; lastKnownFileType = file; path = "FjallaOne-Regular.otf"; sourceTree = "<group>"; };
		5A02710F28A927B20063F007 /* CourseCardViewComponent.swift */ = {isa = PBXFileReference; lastKnownFileType = sourcecode.swift; path = CourseCardViewComponent.swift; sourceTree = "<group>"; };
		5A02711128A932420063F007 /* Course.swift */ = {isa = PBXFileReference; lastKnownFileType = sourcecode.swift; path = Course.swift; sourceTree = "<group>"; };
		5A02711328A939580063F007 /* HomeViewModel.swift */ = {isa = PBXFileReference; lastKnownFileType = sourcecode.swift; path = HomeViewModel.swift; sourceTree = "<group>"; };
		5A02711528A93A0A0063F007 /* Preview.swift */ = {isa = PBXFileReference; lastKnownFileType = sourcecode.swift; path = Preview.swift; sourceTree = "<group>"; };
		5A05A6C428C6869D0045DDF3 /* CalendarView.swift */ = {isa = PBXFileReference; lastKnownFileType = sourcecode.swift; path = CalendarView.swift; sourceTree = "<group>"; };
		5A05A6C628C689ED0045DDF3 /* SaveCourseViewModel.swift */ = {isa = PBXFileReference; lastKnownFileType = sourcecode.swift; path = SaveCourseViewModel.swift; sourceTree = "<group>"; };
		5A05A6C828C68EE40045DDF3 /* CustomDatePickerView.swift */ = {isa = PBXFileReference; lastKnownFileType = sourcecode.swift; path = CustomDatePickerView.swift; sourceTree = "<group>"; };
		5A05A6CA28C6955C0045DDF3 /* DateValue.swift */ = {isa = PBXFileReference; lastKnownFileType = sourcecode.swift; path = DateValue.swift; sourceTree = "<group>"; };
		5A09018028A4663B00C971B7 /* PhotoPicker.swift */ = {isa = PBXFileReference; lastKnownFileType = sourcecode.swift; path = PhotoPicker.swift; sourceTree = "<group>"; };
		5A09018328A46CD900C971B7 /* Helpers.swift */ = {isa = PBXFileReference; lastKnownFileType = sourcecode.swift; path = Helpers.swift; sourceTree = "<group>"; };
		5A09018528A4737D00C971B7 /* UserManagerViewModel.swift */ = {isa = PBXFileReference; lastKnownFileType = sourcecode.swift; path = UserManagerViewModel.swift; sourceTree = "<group>"; };
		5A1E873428849DBE009CB2FC /* Happy Me Meditation.app */ = {isa = PBXFileReference; explicitFileType = wrapper.application; includeInIndex = 0; path = "Happy Me Meditation.app"; sourceTree = BUILT_PRODUCTS_DIR; };
		5A1E873728849DBE009CB2FC /* Happy_Me_MeditationApp.swift */ = {isa = PBXFileReference; lastKnownFileType = sourcecode.swift; path = Happy_Me_MeditationApp.swift; sourceTree = "<group>"; };
		5A1E873928849DBE009CB2FC /* StartView.swift */ = {isa = PBXFileReference; lastKnownFileType = sourcecode.swift; path = StartView.swift; sourceTree = "<group>"; };
		5A1E873B28849DBF009CB2FC /* Assets.xcassets */ = {isa = PBXFileReference; lastKnownFileType = folder.assetcatalog; path = Assets.xcassets; sourceTree = "<group>"; };
		5A1E873E28849DBF009CB2FC /* Preview Assets.xcassets */ = {isa = PBXFileReference; lastKnownFileType = folder.assetcatalog; path = "Preview Assets.xcassets"; sourceTree = "<group>"; };
		5A1E874E2884A076009CB2FC /* GoogleService-Info.plist */ = {isa = PBXFileReference; fileEncoding = 4; lastKnownFileType = text.plist.xml; path = "GoogleService-Info.plist"; sourceTree = "<group>"; };
		5A1E87562884A125009CB2FC /* FirebaseService.swift */ = {isa = PBXFileReference; lastKnownFileType = sourcecode.swift; path = FirebaseService.swift; sourceTree = "<group>"; };
		5A1E875C2884A29D009CB2FC /* View.swift */ = {isa = PBXFileReference; lastKnownFileType = sourcecode.swift; path = View.swift; sourceTree = "<group>"; };
		5A1E875E2884A2DD009CB2FC /* User.swift */ = {isa = PBXFileReference; lastKnownFileType = sourcecode.swift; path = User.swift; sourceTree = "<group>"; };
		5A1E87602884A36C009CB2FC /* ProgressLoader.swift */ = {isa = PBXFileReference; lastKnownFileType = sourcecode.swift; path = ProgressLoader.swift; sourceTree = "<group>"; };
		5A1E87622884A395009CB2FC /* UserAvatarViewComponent.swift */ = {isa = PBXFileReference; lastKnownFileType = sourcecode.swift; path = UserAvatarViewComponent.swift; sourceTree = "<group>"; };
		5A1E87642884A3D8009CB2FC /* CustomLazyImage.swift */ = {isa = PBXFileReference; lastKnownFileType = sourcecode.swift; path = CustomLazyImage.swift; sourceTree = "<group>"; };
		5A1E87692884A45A009CB2FC /* Image.swift */ = {isa = PBXFileReference; lastKnownFileType = sourcecode.swift; path = Image.swift; sourceTree = "<group>"; };
		5A1E876B2884A4DC009CB2FC /* LoginViewModel.swift */ = {isa = PBXFileReference; lastKnownFileType = sourcecode.swift; path = LoginViewModel.swift; sourceTree = "<group>"; };
		5A1E876E2884C37C009CB2FC /* LoginView.swift */ = {isa = PBXFileReference; lastKnownFileType = sourcecode.swift; path = LoginView.swift; sourceTree = "<group>"; };
		5A1E87702884C831009CB2FC /* UserDataService.swift */ = {isa = PBXFileReference; lastKnownFileType = sourcecode.swift; path = UserDataService.swift; sourceTree = "<group>"; };
		5A1E87722884CB24009CB2FC /* Urbanist-Medium.ttf */ = {isa = PBXFileReference; lastKnownFileType = file; path = "Urbanist-Medium.ttf"; sourceTree = "<group>"; };
		5A1E87732884CB24009CB2FC /* Fonts.swift */ = {isa = PBXFileReference; fileEncoding = 4; lastKnownFileType = sourcecode.swift; path = Fonts.swift; sourceTree = "<group>"; };
		5A1E87742884CB24009CB2FC /* Urbanist-Regular.ttf */ = {isa = PBXFileReference; lastKnownFileType = file; path = "Urbanist-Regular.ttf"; sourceTree = "<group>"; };
		5A1E877B2884CD58009CB2FC /* OnboardingView.swift */ = {isa = PBXFileReference; lastKnownFileType = sourcecode.swift; path = OnboardingView.swift; sourceTree = "<group>"; };
		5A1E877D2884CDE6009CB2FC /* Color.swift */ = {isa = PBXFileReference; lastKnownFileType = sourcecode.swift; path = Color.swift; sourceTree = "<group>"; };
		5A1E87802884CF77009CB2FC /* CustomButton.swift */ = {isa = PBXFileReference; lastKnownFileType = sourcecode.swift; path = CustomButton.swift; sourceTree = "<group>"; };
		5A1E87822884D685009CB2FC /* OnboardConstants.swift */ = {isa = PBXFileReference; lastKnownFileType = sourcecode.swift; path = OnboardConstants.swift; sourceTree = "<group>"; };
		5A1E87842884E051009CB2FC /* RootOnboardingView.swift */ = {isa = PBXFileReference; lastKnownFileType = sourcecode.swift; path = RootOnboardingView.swift; sourceTree = "<group>"; };
		5A1E87872884E260009CB2FC /* MainView.swift */ = {isa = PBXFileReference; lastKnownFileType = sourcecode.swift; path = MainView.swift; sourceTree = "<group>"; };
		5A1E878A2884E4E9009CB2FC /* CustomTextField.swift */ = {isa = PBXFileReference; lastKnownFileType = sourcecode.swift; path = CustomTextField.swift; sourceTree = "<group>"; };
		5A1E878C288599F8009CB2FC /* UIApplication.swift */ = {isa = PBXFileReference; lastKnownFileType = sourcecode.swift; path = UIApplication.swift; sourceTree = "<group>"; };
		5A395D0628C9156C00DA2B25 /* ConfettiView.swift */ = {isa = PBXFileReference; fileEncoding = 4; lastKnownFileType = sourcecode.swift; path = ConfettiView.swift; sourceTree = "<group>"; };
		5A395D0828C91D6B00DA2B25 /* TwigCarouselView.swift */ = {isa = PBXFileReference; lastKnownFileType = sourcecode.swift; path = TwigCarouselView.swift; sourceTree = "<group>"; };
		5A395D0A28C933BF00DA2B25 /* LaunchView.swift */ = {isa = PBXFileReference; lastKnownFileType = sourcecode.swift; path = LaunchView.swift; sourceTree = "<group>"; };
		5A804FA928B259F400E44681 /* PlaybackControlButton.swift */ = {isa = PBXFileReference; lastKnownFileType = sourcecode.swift; path = PlaybackControlButton.swift; sourceTree = "<group>"; };
		5A804FAB28B2763F00E44681 /* Date.swift */ = {isa = PBXFileReference; lastKnownFileType = sourcecode.swift; path = Date.swift; sourceTree = "<group>"; };
		5A88D0F028B6D5A200356064 /* FBConstants.swift */ = {isa = PBXFileReference; lastKnownFileType = sourcecode.swift; path = FBConstants.swift; sourceTree = "<group>"; };
		5AA2786528B13F9D00BDAACD /* Session.swift */ = {isa = PBXFileReference; lastKnownFileType = sourcecode.swift; path = Session.swift; sourceTree = "<group>"; };
		5AA2786728B141FA00BDAACD /* SessionRowViewComponent.swift */ = {isa = PBXFileReference; lastKnownFileType = sourcecode.swift; path = SessionRowViewComponent.swift; sourceTree = "<group>"; };
		5AA2786A28B1462A00BDAACD /* AudioManager.swift */ = {isa = PBXFileReference; lastKnownFileType = sourcecode.swift; path = AudioManager.swift; sourceTree = "<group>"; };
		5AA2786D28B1482300BDAACD /* PlayerView.swift */ = {isa = PBXFileReference; lastKnownFileType = sourcecode.swift; path = PlayerView.swift; sourceTree = "<group>"; };
		5AB2C91228BB8E690066E5EA /* CustomNavigationBar.swift */ = {isa = PBXFileReference; lastKnownFileType = sourcecode.swift; path = CustomNavigationBar.swift; sourceTree = "<group>"; };
		5AB2C91528BB8F560066E5EA /* CourseDetailsView.swift */ = {isa = PBXFileReference; lastKnownFileType = sourcecode.swift; path = CourseDetailsView.swift; sourceTree = "<group>"; };
		5AB2C91728BB8F900066E5EA /* MainBgView.swift */ = {isa = PBXFileReference; lastKnownFileType = sourcecode.swift; path = MainBgView.swift; sourceTree = "<group>"; };
		5AB2C91928BBCA7B0066E5EA /* RessentCourseRowView.swift */ = {isa = PBXFileReference; lastKnownFileType = sourcecode.swift; path = RessentCourseRowView.swift; sourceTree = "<group>"; };
		5AB2C91C28BBE0690066E5EA /* FavouriteView.swift */ = {isa = PBXFileReference; lastKnownFileType = sourcecode.swift; path = FavouriteView.swift; sourceTree = "<group>"; };
		5AB2C91E28BBE7190066E5EA /* FavouriteViewModel.swift */ = {isa = PBXFileReference; lastKnownFileType = sourcecode.swift; path = FavouriteViewModel.swift; sourceTree = "<group>"; };
		5AB2C92128BBED780066E5EA /* SavedCourseView.swift */ = {isa = PBXFileReference; lastKnownFileType = sourcecode.swift; path = SavedCourseView.swift; sourceTree = "<group>"; };
		5AD62C2A28A8532D0076FF1A /* MainViewModel.swift */ = {isa = PBXFileReference; lastKnownFileType = sourcecode.swift; path = MainViewModel.swift; sourceTree = "<group>"; };
		5AD62C2D28A85DD70076FF1A /* HomeView.swift */ = {isa = PBXFileReference; lastKnownFileType = sourcecode.swift; path = HomeView.swift; sourceTree = "<group>"; };
/* End PBXFileReference section */

/* Begin PBXFrameworksBuildPhase section */
		5A1E873128849DBE009CB2FC /* Frameworks */ = {
			isa = PBXFrameworksBuildPhase;
			buildActionMask = 2147483647;
			files = (
				5A02711928A93EA60063F007 /* NukeUI in Frameworks */,
				5A1E874728849FE9009CB2FC /* FirebaseAuth in Frameworks */,
				5A1E874D28849FE9009CB2FC /* FirebaseStorage in Frameworks */,
				5A1E874928849FE9009CB2FC /* FirebaseFirestore in Frameworks */,
				5A1E874B28849FE9009CB2FC /* FirebaseFirestoreSwift in Frameworks */,
			);
			runOnlyForDeploymentPostprocessing = 0;
		};
/* End PBXFrameworksBuildPhase section */

/* Begin PBXGroup section */
		5A02710E28A9278E0063F007 /* Components */ = {
			isa = PBXGroup;
			children = (
				5A02710F28A927B20063F007 /* CourseCardViewComponent.swift */,
				5AA2786728B141FA00BDAACD /* SessionRowViewComponent.swift */,
				5AB2C91928BBCA7B0066E5EA /* RessentCourseRowView.swift */,
			);
			path = Components;
			sourceTree = "<group>";
		};
		5A05A6C328C6866B0045DDF3 /* UserCalendarView */ = {
			isa = PBXGroup;
			children = (
				5A05A6C428C6869D0045DDF3 /* CalendarView.swift */,
			);
			path = UserCalendarView;
			sourceTree = "<group>";
		};
		5A09018228A46CCC00C971B7 /* Helpers */ = {
			isa = PBXGroup;
			children = (
				5A09018328A46CD900C971B7 /* Helpers.swift */,
			);
			path = Helpers;
			sourceTree = "<group>";
		};
		5A1E872B28849DBE009CB2FC = {
			isa = PBXGroup;
			children = (
				5A1E873628849DBE009CB2FC /* Happy Me Meditation */,
				5A1E873528849DBE009CB2FC /* Products */,
			);
			sourceTree = "<group>";
		};
		5A1E873528849DBE009CB2FC /* Products */ = {
			isa = PBXGroup;
			children = (
				5A1E873428849DBE009CB2FC /* Happy Me Meditation.app */,
			);
			name = Products;
			sourceTree = "<group>";
		};
		5A1E873628849DBE009CB2FC /* Happy Me Meditation */ = {
			isa = PBXGroup;
			children = (
				5A1E873728849DBE009CB2FC /* Happy_Me_MeditationApp.swift */,
				5A1E874E2884A076009CB2FC /* GoogleService-Info.plist */,
				5A1E873B28849DBF009CB2FC /* Assets.xcassets */,
				5A1E87502884A081009CB2FC /* Utils */,
				5A1E87512884A086009CB2FC /* Service */,
				5A1E87522884A08C009CB2FC /* Core */,
				5A1E873D28849DBF009CB2FC /* Preview Content */,
			);
			path = "Happy Me Meditation";
			sourceTree = "<group>";
		};
		5A1E873D28849DBF009CB2FC /* Preview Content */ = {
			isa = PBXGroup;
			children = (
				5A1E873E28849DBF009CB2FC /* Preview Assets.xcassets */,
				5A02711528A93A0A0063F007 /* Preview.swift */,
			);
			path = "Preview Content";
			sourceTree = "<group>";
		};
		5A1E87502884A081009CB2FC /* Utils */ = {
			isa = PBXGroup;
			children = (
				5A88D0EE28B6D57300356064 /* Constans */,
				5AA2786928B145F400BDAACD /* AVPlayer */,
				5A09018228A46CCC00C971B7 /* Helpers */,
				5A1E875A2884A156009CB2FC /* Extensions */,
				5A1E87592884A14C009CB2FC /* Fonts */,
				5A1E87582884A147009CB2FC /* Constants */,
			);
			path = Utils;
			sourceTree = "<group>";
		};
		5A1E87512884A086009CB2FC /* Service */ = {
			isa = PBXGroup;
			children = (
				5A1E87562884A125009CB2FC /* FirebaseService.swift */,
				5A1E87702884C831009CB2FC /* UserDataService.swift */,
			);
			path = Service;
			sourceTree = "<group>";
		};
		5A1E87522884A08C009CB2FC /* Core */ = {
			isa = PBXGroup;
			children = (
				5A1E87552884A09B009CB2FC /* Models */,
				5A1E87542884A096009CB2FC /* ViewModels */,
				5A1E87532884A092009CB2FC /* Views */,
			);
			path = Core;
			sourceTree = "<group>";
		};
		5A1E87532884A092009CB2FC /* Views */ = {
			isa = PBXGroup;
			children = (
				5A05A6C328C6866B0045DDF3 /* UserCalendarView */,
				5AB2C92028BBED5F0066E5EA /* SavedCourseView */,
				5AB2C91B28BBE0450066E5EA /* FavouriteView */,
				5AB2C91428BB8F420066E5EA /* CourseDetailsView */,
				5AA2786C28B1481600BDAACD /* PlayerView */,
				5AD62C2C28A85DCB0076FF1A /* Home */,
				5A1E875B2884A163009CB2FC /* ViewComponents */,
				5A1E87862884E24C009CB2FC /* MainView */,
				5A1E877A2884CD3F009CB2FC /* OnboardView */,
				5A1E876D2884C363009CB2FC /* Login */,
				5A1E873928849DBE009CB2FC /* StartView.swift */,
				5A395D0A28C933BF00DA2B25 /* LaunchView.swift */,
			);
			path = Views;
			sourceTree = "<group>";
		};
		5A1E87542884A096009CB2FC /* ViewModels */ = {
			isa = PBXGroup;
			children = (
				5A1E876B2884A4DC009CB2FC /* LoginViewModel.swift */,
				5A09018528A4737D00C971B7 /* UserManagerViewModel.swift */,
				5A02711328A939580063F007 /* HomeViewModel.swift */,
				5AB2C91E28BBE7190066E5EA /* FavouriteViewModel.swift */,
				5A05A6C628C689ED0045DDF3 /* SaveCourseViewModel.swift */,
			);
			path = ViewModels;
			sourceTree = "<group>";
		};
		5A1E87552884A09B009CB2FC /* Models */ = {
			isa = PBXGroup;
			children = (
				5A1E875E2884A2DD009CB2FC /* User.swift */,
				5A02711128A932420063F007 /* Course.swift */,
				5AA2786528B13F9D00BDAACD /* Session.swift */,
				5A05A6CA28C6955C0045DDF3 /* DateValue.swift */,
			);
			path = Models;
			sourceTree = "<group>";
		};
		5A1E87582884A147009CB2FC /* Constants */ = {
			isa = PBXGroup;
			children = (
				5A1E87822884D685009CB2FC /* OnboardConstants.swift */,
			);
			path = Constants;
			sourceTree = "<group>";
		};
		5A1E87592884A14C009CB2FC /* Fonts */ = {
			isa = PBXGroup;
			children = (
				5A1E87732884CB24009CB2FC /* Fonts.swift */,
				5A1E87722884CB24009CB2FC /* Urbanist-Medium.ttf */,
				5A1E87742884CB24009CB2FC /* Urbanist-Regular.ttf */,
				5A02710C28A91B8C0063F007 /* FjallaOne-Regular.otf */,
			);
			path = Fonts;
			sourceTree = "<group>";
		};
		5A1E875A2884A156009CB2FC /* Extensions */ = {
			isa = PBXGroup;
			children = (
				5A1E875C2884A29D009CB2FC /* View.swift */,
				5A1E87692884A45A009CB2FC /* Image.swift */,
				5A1E877D2884CDE6009CB2FC /* Color.swift */,
				5A1E878C288599F8009CB2FC /* UIApplication.swift */,
				5A804FAB28B2763F00E44681 /* Date.swift */,
			);
			path = Extensions;
			sourceTree = "<group>";
		};
		5A1E875B2884A163009CB2FC /* ViewComponents */ = {
			isa = PBXGroup;
			children = (
				5A395D0628C9156C00DA2B25 /* ConfettiView.swift */,
				5AB2C91128BB8E4C0066E5EA /* NavBar */,
				5A1E87892884E4D6009CB2FC /* TextFields */,
				5A1E877F2884CF66009CB2FC /* Buttons */,
				5A1E87602884A36C009CB2FC /* ProgressLoader.swift */,
				5A1E87622884A395009CB2FC /* UserAvatarViewComponent.swift */,
				5A1E87642884A3D8009CB2FC /* CustomLazyImage.swift */,
				5A09018028A4663B00C971B7 /* PhotoPicker.swift */,
				5A804FA928B259F400E44681 /* PlaybackControlButton.swift */,
				5AB2C91728BB8F900066E5EA /* MainBgView.swift */,
				5A05A6C828C68EE40045DDF3 /* CustomDatePickerView.swift */,
				5A395D0828C91D6B00DA2B25 /* TwigCarouselView.swift */,
			);
			path = ViewComponents;
			sourceTree = "<group>";
		};
		5A1E876D2884C363009CB2FC /* Login */ = {
			isa = PBXGroup;
			children = (
				5A1E876E2884C37C009CB2FC /* LoginView.swift */,
			);
			path = Login;
			sourceTree = "<group>";
		};
		5A1E877A2884CD3F009CB2FC /* OnboardView */ = {
			isa = PBXGroup;
			children = (
				5A1E877B2884CD58009CB2FC /* OnboardingView.swift */,
				5A1E87842884E051009CB2FC /* RootOnboardingView.swift */,
			);
			path = OnboardView;
			sourceTree = "<group>";
		};
		5A1E877F2884CF66009CB2FC /* Buttons */ = {
			isa = PBXGroup;
			children = (
				5A1E87802884CF77009CB2FC /* CustomButton.swift */,
			);
			path = Buttons;
			sourceTree = "<group>";
		};
		5A1E87862884E24C009CB2FC /* MainView */ = {
			isa = PBXGroup;
			children = (
				5A1E87872884E260009CB2FC /* MainView.swift */,
				5AD62C2A28A8532D0076FF1A /* MainViewModel.swift */,
			);
			path = MainView;
			sourceTree = "<group>";
		};
		5A1E87892884E4D6009CB2FC /* TextFields */ = {
			isa = PBXGroup;
			children = (
				5A1E878A2884E4E9009CB2FC /* CustomTextField.swift */,
			);
			path = TextFields;
			sourceTree = "<group>";
		};
		5A88D0EE28B6D57300356064 /* Constans */ = {
			isa = PBXGroup;
			children = (
				5A88D0F028B6D5A200356064 /* FBConstants.swift */,
			);
			path = Constans;
			sourceTree = "<group>";
		};
		5AA2786928B145F400BDAACD /* AVPlayer */ = {
			isa = PBXGroup;
			children = (
				5AA2786A28B1462A00BDAACD /* AudioManager.swift */,
			);
			path = AVPlayer;
			sourceTree = "<group>";
		};
		5AA2786C28B1481600BDAACD /* PlayerView */ = {
			isa = PBXGroup;
			children = (
				5AA2786D28B1482300BDAACD /* PlayerView.swift */,
			);
			path = PlayerView;
			sourceTree = "<group>";
		};
		5AB2C91128BB8E4C0066E5EA /* NavBar */ = {
			isa = PBXGroup;
			children = (
				5AB2C91228BB8E690066E5EA /* CustomNavigationBar.swift */,
			);
			path = NavBar;
			sourceTree = "<group>";
		};
		5AB2C91428BB8F420066E5EA /* CourseDetailsView */ = {
			isa = PBXGroup;
			children = (
				5AB2C91528BB8F560066E5EA /* CourseDetailsView.swift */,
			);
			path = CourseDetailsView;
			sourceTree = "<group>";
		};
		5AB2C91B28BBE0450066E5EA /* FavouriteView */ = {
			isa = PBXGroup;
			children = (
				5AB2C91C28BBE0690066E5EA /* FavouriteView.swift */,
			);
			path = FavouriteView;
			sourceTree = "<group>";
		};
		5AB2C92028BBED5F0066E5EA /* SavedCourseView */ = {
			isa = PBXGroup;
			children = (
				5AB2C92128BBED780066E5EA /* SavedCourseView.swift */,
			);
			path = SavedCourseView;
			sourceTree = "<group>";
		};
		5AD62C2C28A85DCB0076FF1A /* Home */ = {
			isa = PBXGroup;
			children = (
				5A02710E28A9278E0063F007 /* Components */,
				5AD62C2D28A85DD70076FF1A /* HomeView.swift */,
			);
			path = Home;
			sourceTree = "<group>";
		};
/* End PBXGroup section */

/* Begin PBXNativeTarget section */
		5A1E873328849DBE009CB2FC /* Happy Me Meditation */ = {
			isa = PBXNativeTarget;
			buildConfigurationList = 5A1E874228849DBF009CB2FC /* Build configuration list for PBXNativeTarget "Happy Me Meditation" */;
			buildPhases = (
				5A1E873028849DBE009CB2FC /* Sources */,
				5A1E873128849DBE009CB2FC /* Frameworks */,
				5A1E873228849DBE009CB2FC /* Resources */,
			);
			buildRules = (
			);
			dependencies = (
			);
			name = "Happy Me Meditation";
			packageProductDependencies = (
				5A1E874628849FE9009CB2FC /* FirebaseAuth */,
				5A1E874828849FE9009CB2FC /* FirebaseFirestore */,
				5A1E874A28849FE9009CB2FC /* FirebaseFirestoreSwift */,
				5A1E874C28849FE9009CB2FC /* FirebaseStorage */,
				5A02711828A93EA60063F007 /* NukeUI */,
			);
			productName = "Happy Me Meditation";
			productReference = 5A1E873428849DBE009CB2FC /* Happy Me Meditation.app */;
			productType = "com.apple.product-type.application";
		};
/* End PBXNativeTarget section */

/* Begin PBXProject section */
		5A1E872C28849DBE009CB2FC /* Project object */ = {
			isa = PBXProject;
			attributes = {
				BuildIndependentTargetsInParallel = 1;
				LastSwiftUpdateCheck = 1340;
				LastUpgradeCheck = 1340;
				TargetAttributes = {
					5A1E873328849DBE009CB2FC = {
						CreatedOnToolsVersion = 13.4;
					};
				};
			};
			buildConfigurationList = 5A1E872F28849DBE009CB2FC /* Build configuration list for PBXProject "Happy Me Meditation" */;
			compatibilityVersion = "Xcode 13.0";
			developmentRegion = en;
			hasScannedForEncodings = 0;
			knownRegions = (
				en,
				Base,
			);
			mainGroup = 5A1E872B28849DBE009CB2FC;
			packageReferences = (
				5A1E874528849FE9009CB2FC /* XCRemoteSwiftPackageReference "firebase-ios-sdk" */,
				5A02711728A93EA60063F007 /* XCRemoteSwiftPackageReference "NukeUI" */,
			);
			productRefGroup = 5A1E873528849DBE009CB2FC /* Products */;
			projectDirPath = "";
			projectRoot = "";
			targets = (
				5A1E873328849DBE009CB2FC /* Happy Me Meditation */,
			);
		};
/* End PBXProject section */

/* Begin PBXResourcesBuildPhase section */
		5A1E873228849DBE009CB2FC /* Resources */ = {
			isa = PBXResourcesBuildPhase;
			buildActionMask = 2147483647;
			files = (
				5A1E873F28849DBF009CB2FC /* Preview Assets.xcassets in Resources */,
				5A1E87752884CB24009CB2FC /* Urbanist-Medium.ttf in Resources */,
				5A1E873C28849DBF009CB2FC /* Assets.xcassets in Resources */,
				5A1E874F2884A076009CB2FC /* GoogleService-Info.plist in Resources */,
				5A1E87772884CB24009CB2FC /* Urbanist-Regular.ttf in Resources */,
				5A02710D28A91B8C0063F007 /* FjallaOne-Regular.otf in Resources */,
			);
			runOnlyForDeploymentPostprocessing = 0;
		};
/* End PBXResourcesBuildPhase section */

/* Begin PBXSourcesBuildPhase section */
		5A1E873028849DBE009CB2FC /* Sources */ = {
			isa = PBXSourcesBuildPhase;
			buildActionMask = 2147483647;
			files = (
				5A1E875D2884A29D009CB2FC /* View.swift in Sources */,
				5A1E876A2884A45B009CB2FC /* Image.swift in Sources */,
				5AA2786828B141FA00BDAACD /* SessionRowViewComponent.swift in Sources */,
				5A1E87762884CB24009CB2FC /* Fonts.swift in Sources */,
				5A1E87812884CF77009CB2FC /* CustomButton.swift in Sources */,
				5A05A6C528C6869D0045DDF3 /* CalendarView.swift in Sources */,
				5A09018428A46CD900C971B7 /* Helpers.swift in Sources */,
				5AD62C2B28A8532D0076FF1A /* MainViewModel.swift in Sources */,
				5A804FAC28B2763F00E44681 /* Date.swift in Sources */,
				5A1E878B2884E4E9009CB2FC /* CustomTextField.swift in Sources */,
				5A1E87652884A3D8009CB2FC /* CustomLazyImage.swift in Sources */,
				5AB2C91A28BBCA7B0066E5EA /* RessentCourseRowView.swift in Sources */,
				5AB2C91628BB8F560066E5EA /* CourseDetailsView.swift in Sources */,
				5AA2786B28B1462A00BDAACD /* AudioManager.swift in Sources */,
				5A02711228A932420063F007 /* Course.swift in Sources */,
				5A1E87882884E260009CB2FC /* MainView.swift in Sources */,
				5A1E873A28849DBE009CB2FC /* StartView.swift in Sources */,
				5A1E87572884A125009CB2FC /* FirebaseService.swift in Sources */,
				5A1E87612884A36C009CB2FC /* ProgressLoader.swift in Sources */,
				5A1E87712884C831009CB2FC /* UserDataService.swift in Sources */,
				5A1E877E2884CDE6009CB2FC /* Color.swift in Sources */,
				5A395D0728C9156C00DA2B25 /* ConfettiView.swift in Sources */,
				5A395D0B28C933BF00DA2B25 /* LaunchView.swift in Sources */,
				5A05A6CB28C6955C0045DDF3 /* DateValue.swift in Sources */,
				5A804FAA28B259F400E44681 /* PlaybackControlButton.swift in Sources */,
				5A02711428A939580063F007 /* HomeViewModel.swift in Sources */,
				5A09018128A4663B00C971B7 /* PhotoPicker.swift in Sources */,
				5A395D0928C91D6B00DA2B25 /* TwigCarouselView.swift in Sources */,
				5AB2C92228BBED780066E5EA /* SavedCourseView.swift in Sources */,
				5AD62C2E28A85DD70076FF1A /* HomeView.swift in Sources */,
				5A05A6C728C689ED0045DDF3 /* SaveCourseViewModel.swift in Sources */,
				5A1E875F2884A2DD009CB2FC /* User.swift in Sources */,
				5AB2C91F28BBE7190066E5EA /* FavouriteViewModel.swift in Sources */,
				5AA2786E28B1482300BDAACD /* PlayerView.swift in Sources */,
				5AA2786628B13F9D00BDAACD /* Session.swift in Sources */,
				5A1E873828849DBE009CB2FC /* Happy_Me_MeditationApp.swift in Sources */,
				5A88D0F128B6D5A200356064 /* FBConstants.swift in Sources */,
				5AB2C91828BB8F910066E5EA /* MainBgView.swift in Sources */,
				5A1E876F2884C37C009CB2FC /* LoginView.swift in Sources */,
				5A1E878D288599F9009CB2FC /* UIApplication.swift in Sources */,
				5A02711628A93A0A0063F007 /* Preview.swift in Sources */,
				5A02711028A927B20063F007 /* CourseCardViewComponent.swift in Sources */,
				5A1E876C2884A4DC009CB2FC /* LoginViewModel.swift in Sources */,
				5A09018628A4737D00C971B7 /* UserManagerViewModel.swift in Sources */,
				5A1E87632884A395009CB2FC /* UserAvatarViewComponent.swift in Sources */,
				5A05A6C928C68EE40045DDF3 /* CustomDatePickerView.swift in Sources */,
				5AB2C91328BB8E690066E5EA /* CustomNavigationBar.swift in Sources */,
				5A1E87852884E051009CB2FC /* RootOnboardingView.swift in Sources */,
				5A1E877C2884CD58009CB2FC /* OnboardingView.swift in Sources */,
				5AB2C91D28BBE0690066E5EA /* FavouriteView.swift in Sources */,
				5A1E87832884D685009CB2FC /* OnboardConstants.swift in Sources */,
			);
			runOnlyForDeploymentPostprocessing = 0;
		};
/* End PBXSourcesBuildPhase section */

/* Begin XCBuildConfiguration section */
		5A1E874028849DBF009CB2FC /* Debug */ = {
			isa = XCBuildConfiguration;
			buildSettings = {
				ALWAYS_SEARCH_USER_PATHS = NO;
				CLANG_ANALYZER_NONNULL = YES;
				CLANG_ANALYZER_NUMBER_OBJECT_CONVERSION = YES_AGGRESSIVE;
				CLANG_CXX_LANGUAGE_STANDARD = "gnu++17";
				CLANG_ENABLE_MODULES = YES;
				CLANG_ENABLE_OBJC_ARC = YES;
				CLANG_ENABLE_OBJC_WEAK = YES;
				CLANG_WARN_BLOCK_CAPTURE_AUTORELEASING = YES;
				CLANG_WARN_BOOL_CONVERSION = YES;
				CLANG_WARN_COMMA = YES;
				CLANG_WARN_CONSTANT_CONVERSION = YES;
				CLANG_WARN_DEPRECATED_OBJC_IMPLEMENTATIONS = YES;
				CLANG_WARN_DIRECT_OBJC_ISA_USAGE = YES_ERROR;
				CLANG_WARN_DOCUMENTATION_COMMENTS = YES;
				CLANG_WARN_EMPTY_BODY = YES;
				CLANG_WARN_ENUM_CONVERSION = YES;
				CLANG_WARN_INFINITE_RECURSION = YES;
				CLANG_WARN_INT_CONVERSION = YES;
				CLANG_WARN_NON_LITERAL_NULL_CONVERSION = YES;
				CLANG_WARN_OBJC_IMPLICIT_RETAIN_SELF = YES;
				CLANG_WARN_OBJC_LITERAL_CONVERSION = YES;
				CLANG_WARN_OBJC_ROOT_CLASS = YES_ERROR;
				CLANG_WARN_QUOTED_INCLUDE_IN_FRAMEWORK_HEADER = YES;
				CLANG_WARN_RANGE_LOOP_ANALYSIS = YES;
				CLANG_WARN_STRICT_PROTOTYPES = YES;
				CLANG_WARN_SUSPICIOUS_MOVE = YES;
				CLANG_WARN_UNGUARDED_AVAILABILITY = YES_AGGRESSIVE;
				CLANG_WARN_UNREACHABLE_CODE = YES;
				CLANG_WARN__DUPLICATE_METHOD_MATCH = YES;
				COPY_PHASE_STRIP = NO;
				DEBUG_INFORMATION_FORMAT = dwarf;
				ENABLE_STRICT_OBJC_MSGSEND = YES;
				ENABLE_TESTABILITY = YES;
				GCC_C_LANGUAGE_STANDARD = gnu11;
				GCC_DYNAMIC_NO_PIC = NO;
				GCC_NO_COMMON_BLOCKS = YES;
				GCC_OPTIMIZATION_LEVEL = 0;
				GCC_PREPROCESSOR_DEFINITIONS = (
					"DEBUG=1",
					"$(inherited)",
				);
				GCC_WARN_64_TO_32_BIT_CONVERSION = YES;
				GCC_WARN_ABOUT_RETURN_TYPE = YES_ERROR;
				GCC_WARN_UNDECLARED_SELECTOR = YES;
				GCC_WARN_UNINITIALIZED_AUTOS = YES_AGGRESSIVE;
				GCC_WARN_UNUSED_FUNCTION = YES;
				GCC_WARN_UNUSED_VARIABLE = YES;
				IPHONEOS_DEPLOYMENT_TARGET = 15.5;
				MTL_ENABLE_DEBUG_INFO = INCLUDE_SOURCE;
				MTL_FAST_MATH = YES;
				ONLY_ACTIVE_ARCH = YES;
				SDKROOT = iphoneos;
				SWIFT_ACTIVE_COMPILATION_CONDITIONS = DEBUG;
				SWIFT_OPTIMIZATION_LEVEL = "-Onone";
			};
			name = Debug;
		};
		5A1E874128849DBF009CB2FC /* Release */ = {
			isa = XCBuildConfiguration;
			buildSettings = {
				ALWAYS_SEARCH_USER_PATHS = NO;
				CLANG_ANALYZER_NONNULL = YES;
				CLANG_ANALYZER_NUMBER_OBJECT_CONVERSION = YES_AGGRESSIVE;
				CLANG_CXX_LANGUAGE_STANDARD = "gnu++17";
				CLANG_ENABLE_MODULES = YES;
				CLANG_ENABLE_OBJC_ARC = YES;
				CLANG_ENABLE_OBJC_WEAK = YES;
				CLANG_WARN_BLOCK_CAPTURE_AUTORELEASING = YES;
				CLANG_WARN_BOOL_CONVERSION = YES;
				CLANG_WARN_COMMA = YES;
				CLANG_WARN_CONSTANT_CONVERSION = YES;
				CLANG_WARN_DEPRECATED_OBJC_IMPLEMENTATIONS = YES;
				CLANG_WARN_DIRECT_OBJC_ISA_USAGE = YES_ERROR;
				CLANG_WARN_DOCUMENTATION_COMMENTS = YES;
				CLANG_WARN_EMPTY_BODY = YES;
				CLANG_WARN_ENUM_CONVERSION = YES;
				CLANG_WARN_INFINITE_RECURSION = YES;
				CLANG_WARN_INT_CONVERSION = YES;
				CLANG_WARN_NON_LITERAL_NULL_CONVERSION = YES;
				CLANG_WARN_OBJC_IMPLICIT_RETAIN_SELF = YES;
				CLANG_WARN_OBJC_LITERAL_CONVERSION = YES;
				CLANG_WARN_OBJC_ROOT_CLASS = YES_ERROR;
				CLANG_WARN_QUOTED_INCLUDE_IN_FRAMEWORK_HEADER = YES;
				CLANG_WARN_RANGE_LOOP_ANALYSIS = YES;
				CLANG_WARN_STRICT_PROTOTYPES = YES;
				CLANG_WARN_SUSPICIOUS_MOVE = YES;
				CLANG_WARN_UNGUARDED_AVAILABILITY = YES_AGGRESSIVE;
				CLANG_WARN_UNREACHABLE_CODE = YES;
				CLANG_WARN__DUPLICATE_METHOD_MATCH = YES;
				COPY_PHASE_STRIP = NO;
				DEBUG_INFORMATION_FORMAT = "dwarf-with-dsym";
				ENABLE_NS_ASSERTIONS = NO;
				ENABLE_STRICT_OBJC_MSGSEND = YES;
				GCC_C_LANGUAGE_STANDARD = gnu11;
				GCC_NO_COMMON_BLOCKS = YES;
				GCC_WARN_64_TO_32_BIT_CONVERSION = YES;
				GCC_WARN_ABOUT_RETURN_TYPE = YES_ERROR;
				GCC_WARN_UNDECLARED_SELECTOR = YES;
				GCC_WARN_UNINITIALIZED_AUTOS = YES_AGGRESSIVE;
				GCC_WARN_UNUSED_FUNCTION = YES;
				GCC_WARN_UNUSED_VARIABLE = YES;
				IPHONEOS_DEPLOYMENT_TARGET = 15.5;
				MTL_ENABLE_DEBUG_INFO = NO;
				MTL_FAST_MATH = YES;
				SDKROOT = iphoneos;
				SWIFT_COMPILATION_MODE = wholemodule;
				SWIFT_OPTIMIZATION_LEVEL = "-O";
				VALIDATE_PRODUCT = YES;
			};
			name = Release;
		};
		5A1E874328849DBF009CB2FC /* Debug */ = {
			isa = XCBuildConfiguration;
			buildSettings = {
				ASSETCATALOG_COMPILER_APPICON_NAME = AppIcon;
				ASSETCATALOG_COMPILER_GLOBAL_ACCENT_COLOR_NAME = AccentColor;
				CODE_SIGN_STYLE = Automatic;
				CURRENT_PROJECT_VERSION = 1;
				DEVELOPMENT_ASSET_PATHS = "\"Happy Me Meditation/Preview Content\"";
				DEVELOPMENT_TEAM = 92PU6D6MCQ;
				ENABLE_PREVIEWS = YES;
				GENERATE_INFOPLIST_FILE = YES;
				INFOPLIST_FILE = "Happy-Me-Meditation-Info.plist";
				INFOPLIST_KEY_CFBundleDisplayName = Carefree;
				INFOPLIST_KEY_UIApplicationSceneManifest_Generation = YES;
				INFOPLIST_KEY_UIApplicationSupportsIndirectInputEvents = YES;
				INFOPLIST_KEY_UILaunchScreen_Generation = YES;
				INFOPLIST_KEY_UISupportedInterfaceOrientations = UIInterfaceOrientationPortrait;
				INFOPLIST_KEY_UISupportedInterfaceOrientations_iPad = "UIInterfaceOrientationPortrait UIInterfaceOrientationPortraitUpsideDown UIInterfaceOrientationLandscapeLeft UIInterfaceOrientationLandscapeRight";
				INFOPLIST_KEY_UISupportedInterfaceOrientations_iPhone = "UIInterfaceOrientationPortrait UIInterfaceOrientationLandscapeLeft UIInterfaceOrientationLandscapeRight";
				LD_RUNPATH_SEARCH_PATHS = (
					"$(inherited)",
					"@executable_path/Frameworks",
				);
				MARKETING_VERSION = 1.0;
				PRODUCT_BUNDLE_IDENTIFIER = com.bogdanZyk.HappyMeMeditation;
				PRODUCT_NAME = "$(TARGET_NAME)";
				SWIFT_EMIT_LOC_STRINGS = YES;
				SWIFT_VERSION = 5.0;
				TARGETED_DEVICE_FAMILY = "1,2";
			};
			name = Debug;
		};
		5A1E874428849DBF009CB2FC /* Release */ = {
			isa = XCBuildConfiguration;
			buildSettings = {
				ASSETCATALOG_COMPILER_APPICON_NAME = AppIcon;
				ASSETCATALOG_COMPILER_GLOBAL_ACCENT_COLOR_NAME = AccentColor;
				CODE_SIGN_STYLE = Automatic;
				CURRENT_PROJECT_VERSION = 1;
				DEVELOPMENT_ASSET_PATHS = "\"Happy Me Meditation/Preview Content\"";
				DEVELOPMENT_TEAM = 92PU6D6MCQ;
				ENABLE_PREVIEWS = YES;
				GENERATE_INFOPLIST_FILE = YES;
				INFOPLIST_FILE = "Happy-Me-Meditation-Info.plist";
				INFOPLIST_KEY_CFBundleDisplayName = Carefree;
				INFOPLIST_KEY_UIApplicationSceneManifest_Generation = YES;
				INFOPLIST_KEY_UIApplicationSupportsIndirectInputEvents = YES;
				INFOPLIST_KEY_UILaunchScreen_Generation = YES;
				INFOPLIST_KEY_UISupportedInterfaceOrientations = UIInterfaceOrientationPortrait;
				INFOPLIST_KEY_UISupportedInterfaceOrientations_iPad = "UIInterfaceOrientationPortrait UIInterfaceOrientationPortraitUpsideDown UIInterfaceOrientationLandscapeLeft UIInterfaceOrientationLandscapeRight";
				INFOPLIST_KEY_UISupportedInterfaceOrientations_iPhone = "UIInterfaceOrientationPortrait UIInterfaceOrientationLandscapeLeft UIInterfaceOrientationLandscapeRight";
				LD_RUNPATH_SEARCH_PATHS = (
					"$(inherited)",
					"@executable_path/Frameworks",
				);
				MARKETING_VERSION = 1.0;
				PRODUCT_BUNDLE_IDENTIFIER = com.bogdanZyk.HappyMeMeditation;
				PRODUCT_NAME = "$(TARGET_NAME)";
				SWIFT_EMIT_LOC_STRINGS = YES;
				SWIFT_VERSION = 5.0;
				TARGETED_DEVICE_FAMILY = "1,2";
			};
			name = Release;
		};
/* End XCBuildConfiguration section */

/* Begin XCConfigurationList section */
		5A1E872F28849DBE009CB2FC /* Build configuration list for PBXProject "Happy Me Meditation" */ = {
			isa = XCConfigurationList;
			buildConfigurations = (
				5A1E874028849DBF009CB2FC /* Debug */,
				5A1E874128849DBF009CB2FC /* Release */,
			);
			defaultConfigurationIsVisible = 0;
			defaultConfigurationName = Release;
		};
		5A1E874228849DBF009CB2FC /* Build configuration list for PBXNativeTarget "Happy Me Meditation" */ = {
			isa = XCConfigurationList;
			buildConfigurations = (
				5A1E874328849DBF009CB2FC /* Debug */,
				5A1E874428849DBF009CB2FC /* Release */,
			);
			defaultConfigurationIsVisible = 0;
			defaultConfigurationName = Release;
		};
/* End XCConfigurationList section */

/* Begin XCRemoteSwiftPackageReference section */
		5A02711728A93EA60063F007 /* XCRemoteSwiftPackageReference "NukeUI" */ = {
			isa = XCRemoteSwiftPackageReference;
			repositoryURL = "https://github.com/kean/NukeUI";
			requirement = {
				kind = upToNextMajorVersion;
				minimumVersion = 0.8.3;
			};
		};
		5A1E874528849FE9009CB2FC /* XCRemoteSwiftPackageReference "firebase-ios-sdk" */ = {
			isa = XCRemoteSwiftPackageReference;
			repositoryURL = "https://github.com/firebase/firebase-ios-sdk";
			requirement = {
				kind = upToNextMajorVersion;
				minimumVersion = 9.0.0;
			};
		};
/* End XCRemoteSwiftPackageReference section */

/* Begin XCSwiftPackageProductDependency section */
		5A02711828A93EA60063F007 /* NukeUI */ = {
			isa = XCSwiftPackageProductDependency;
			package = 5A02711728A93EA60063F007 /* XCRemoteSwiftPackageReference "NukeUI" */;
			productName = NukeUI;
		};
		5A1E874628849FE9009CB2FC /* FirebaseAuth */ = {
			isa = XCSwiftPackageProductDependency;
			package = 5A1E874528849FE9009CB2FC /* XCRemoteSwiftPackageReference "firebase-ios-sdk" */;
			productName = FirebaseAuth;
		};
		5A1E874828849FE9009CB2FC /* FirebaseFirestore */ = {
			isa = XCSwiftPackageProductDependency;
			package = 5A1E874528849FE9009CB2FC /* XCRemoteSwiftPackageReference "firebase-ios-sdk" */;
			productName = FirebaseFirestore;
		};
		5A1E874A28849FE9009CB2FC /* FirebaseFirestoreSwift */ = {
			isa = XCSwiftPackageProductDependency;
			package = 5A1E874528849FE9009CB2FC /* XCRemoteSwiftPackageReference "firebase-ios-sdk" */;
			productName = FirebaseFirestoreSwift;
		};
		5A1E874C28849FE9009CB2FC /* FirebaseStorage */ = {
			isa = XCSwiftPackageProductDependency;
			package = 5A1E874528849FE9009CB2FC /* XCRemoteSwiftPackageReference "firebase-ios-sdk" */;
			productName = FirebaseStorage;
		};
/* End XCSwiftPackageProductDependency section */
	};
	rootObject = 5A1E872C28849DBE009CB2FC /* Project object */;
}
